<?xml version="1.0" encoding="utf-8"?>
<Project ToolsVersion="4.0" xmlns="http://schemas.microsoft.com/developer/msbuild/2003">
  <ItemGroup>
    <Filter Include="code">
      <UniqueIdentifier>{d21fdc33-9e41-4f7b-b35d-cf626d1bd93e}</UniqueIdentifier>
    </Filter>
    <Filter Include="code\support">
      <UniqueIdentifier>{e99c8422-d62d-41a8-ad53-0c44c1e6a3fe}</UniqueIdentifier>
    </Filter>
    <Filter Include="vulkansdk">
      <UniqueIdentifier>{f48552fb-ebea-4aae-aff5-911f38067a10}</UniqueIdentifier>
    </Filter>
    <Filter Include="vulkansdk\lib">
      <UniqueIdentifier>{e456716a-f1f7-4090-b464-2bf44a559462}</UniqueIdentifier>
    </Filter>
    <Filter Include="vulkansdk\lib\x86">
      <UniqueIdentifier>{c4d5a061-1302-4816-9fa9-97c2b178c32a}</UniqueIdentifier>
    </Filter>
    <Filter Include="vulkansdk\lib\x64">
      <UniqueIdentifier>{25fe2b20-f387-4db5-8ad8-c98705c6d264}</UniqueIdentifier>
    </Filter>
  </ItemGroup>
  <ItemGroup>
    <ClCompile Include="code\support\camera_controller.cpp">
      <Filter>code\support</Filter>
    </ClCompile>
    <ClCompile Include="code\support\window_main.cpp">
      <Filter>code\support</Filter>
    </ClCompile>
    <ClCompile Include="code\support\render_main.cpp">
      <Filter>code\support</Filter>
    </ClCompile>
    <ClCompile Include="code\demo.cpp">
      <Filter>code</Filter>
    </ClCompile>
  </ItemGroup>
  <ItemGroup>
    <ClInclude Include="code\support\camera_controller.h">
      <Filter>code\support</Filter>
    </ClInclude>
    <ClInclude Include="code\support\window_main.h">
      <Filter>code\support</Filter>
    </ClInclude>
    <ClInclude Include="code\support\render_main.h">
      <Filter>code\support</Filter>
    </ClInclude>
    <ClInclude Include="code\support\resolution.h">
      <Filter>code\support</Filter>
    </ClInclude>
    <ClInclude Include="code\demo.h">
      <Filter>code</Filter>
    </ClInclude>
    <ClInclude Include="code\support\frame_throttling.h">
      <Filter>code\support</Filter>
    </ClInclude>
  </ItemGroup>
  <ItemGroup>
    <CopyFileToFolders Include="vulkansdk\lib\x64\vulkan-1.dll">
      <Filter>vulkansdk\lib\x64</Filter>
    </CopyFileToFolders>
    <CopyFileToFolders Include="vulkansdk\lib\x64\VkLayer_khronos_validation.json">
      <Filter>vulkansdk\lib\x64</Filter>
    </CopyFileToFolders>
    <CopyFileToFolders Include="vulkansdk\lib\x64\VkLayer_khronos_validation.dll">
      <Filter>vulkansdk\lib\x64</Filter>
    </CopyFileToFolders>
    <CopyFileToFolders Include="vulkansdk\lib\x86\VkLayer_khronos_validation.dll">
      <Filter>vulkansdk\lib\x86</Filter>
    </CopyFileToFolders>
    <CopyFileToFolders Include="vulkansdk\lib\x86\VkLayer_khronos_validation.json">
      <Filter>vulkansdk\lib\x86</Filter>
    </CopyFileToFolders>
    <CopyFileToFolders Include="vulkansdk\lib\x86\vulkan-1.dll">
      <Filter>vulkansdk\lib\x86</Filter>
    </CopyFileToFolders>
  </ItemGroup>
</Project>